lockfileVersion: '6.0'

settings:
  autoInstallPeers: true
  excludeLinksFromLockfile: false

dependencies:
  ipip-ipdb:
    specifier: ^0.6.0
    version: 0.6.0

packages:

  /ipaddr.js@1.9.1:
    resolution: {integrity: sha512-0KI/607xoxSToH7GjN1FfSbLoU0+btTicjsQSWQlh/hZykN8KpmMf7uYwPW3R+akZ6R/w18ZlXSHBYXiYUPO3g==}
    engines: {node: '>= 0.10'}
    dev: false

  /ipip-ipdb@0.6.0:
    resolution: {integrity: sha512-sAqtZgjIDjgk9u9V8+4+c5DbbIxkLw5OWzOvwGDn+ZTqjjwgojkeQqRKfGZw1JTEwq2S63+8f8XSv8NsuTke3Q==}
    dependencies:
      ipaddr.js: 1.9.1
    dev: false
